
Microsoft Visual Studio Solution File, Format Version 12.00
# Visual Studio Version 16
VisualStudioVersion = 16.0.28516.95
MinimumVisualStudioVersion = 10.0.40219.1
Project("{FAE04EC0-301F-11D3-BF4B-00C04F79EFBC}") = "Vision", "Vision.csproj", "{B9CA3368-EB78-4734-BE14-8F29362355E5}"
EndProject
Global
	GlobalSection(SolutionConfigurationPlatforms) = preSolution
		Debug|Any CPU = Debug|Any CPU
		Release|Any CPU = Release|Any CPU
	EndGlobalSection
	GlobalSection(ProjectConfigurationPlatforms) = postSolution
		{B9CA3368-EB78-4734-BE14-8F29362355E5}.Debug|Any CPU.ActiveCfg = Debug|Any CPU
		{B9CA3368-EB78-4734-BE14-8F29362355E5}.Debug|Any CPU.Build.0 = Debug|Any CPU
		{B9CA3368-EB78-4734-BE14-8F29362355E5}.Release|Any CPU.ActiveCfg = Release|Any CPU
		{B9CA3368-EB78-4734-BE14-8F29362355E5}.Release|Any CPU.Build.0 = Release|Any CPU
	EndGlobalSection
	GlobalSection(SolutionProperties) = preSolution
		HideSolutionNode = FALSE
	EndGlobalSection
	GlobalSection(ExtensibilityGlobals) = postSolution
		SolutionGuid = {7D890194-39F5-4497-9344-3991EF109DC0}
	EndGlobalSection
EndGlobal
